
Microsoft Visual Studio Solution File, Format Version 12.00
# Visual Studio Version 17
VisualStudioVersion = 17.6.33829.357
MinimumVisualStudioVersion = 10.0.40219.1
Project("{FAE04EC0-301F-11D3-BF4B-00C04F79EFBC}") = "ScreenSound", "ScreenSound\ScreenSound.csproj", "{AC992C1E-C8DA-44FC-AB65-8BB379899C1B}"
EndProject
Global
	GlobalSection(SolutionConfigurationPlatforms) = preSolution
		Debug|Any CPU = Debug|Any CPU
		Release|Any CPU = Release|Any CPU
	EndGlobalSection
	GlobalSection(ProjectConfigurationPlatforms) = postSolution
		{AC992C1E-C8DA-44FC-AB65-8BB379899C1B}.Debug|Any CPU.ActiveCfg = Debug|Any CPU
		{AC992C1E-C8DA-44FC-AB65-8BB379899C1B}.Debug|Any CPU.Build.0 = Debug|Any CPU
		{AC992C1E-C8DA-44FC-AB65-8BB379899C1B}.Release|Any CPU.ActiveCfg = Release|Any CPU
		{AC992C1E-C8DA-44FC-AB65-8BB379899C1B}.Release|Any CPU.Build.0 = Release|Any CPU
	EndGlobalSection
	GlobalSection(SolutionProperties) = preSolution
		HideSolutionNode = FALSE
	EndGlobalSection
	GlobalSection(ExtensibilityGlobals) = postSolution
		SolutionGuid = {44E76CC0-E97C-46BC-B5CF-8A5787D608BC}
	EndGlobalSection
EndGlobal
